version: 6
environments:
  cuda:
    channels:
    - url: https://conda.anaconda.org/nvidia/
    - url: https://conda.anaconda.org/conda-forge/
    packages:
      linux-64:
      - conda: https://conda.anaconda.org/conda-forge/linux-64/_libgcc_mutex-0.1-conda_forge.tar.bz2
      - conda: https://conda.anaconda.org/conda-forge/linux-64/_openmp_mutex-4.5-2_gnu.tar.bz2
      - conda: https://conda.anaconda.org/conda-forge/linux-64/binutils_impl_linux-64-2.43-h4bf12b8_4.conda
      - conda: https://conda.anaconda.org/conda-forge/linux-64/binutils_linux-64-2.43-h4852527_4.conda
      - conda: https://conda.anaconda.org/nvidia/linux-64/cuda-cccl_linux-64-12.8.90-0.conda
      - conda: https://conda.anaconda.org/nvidia/linux-64/cuda-command-line-tools-12.6.2-0.conda
      - conda: https://conda.anaconda.org/nvidia/linux-64/cuda-compiler-12.6.2-0.conda
      - conda: https://conda.anaconda.org/nvidia/noarch/cuda-crt-dev_linux-64-12.8.93-0.conda
      - conda: https://conda.anaconda.org/nvidia/linux-64/cuda-crt-tools-12.8.93-0.conda
      - conda: https://conda.anaconda.org/nvidia/linux-64/cuda-cudart-12.8.90-0.conda
      - conda: https://conda.anaconda.org/nvidia/linux-64/cuda-cudart-dev-12.8.90-0.conda
      - conda: https://conda.anaconda.org/nvidia/noarch/cuda-cudart-dev_linux-64-12.8.90-0.conda
      - conda: https://conda.anaconda.org/nvidia/linux-64/cuda-cudart-static-12.8.90-0.conda
      - conda: https://conda.anaconda.org/nvidia/noarch/cuda-cudart-static_linux-64-12.8.90-0.conda
      - conda: https://conda.anaconda.org/nvidia/noarch/cuda-cudart_linux-64-12.8.90-0.conda
      - conda: https://conda.anaconda.org/nvidia/linux-64/cuda-cuobjdump-12.8.90-0.conda
      - conda: https://conda.anaconda.org/nvidia/linux-64/cuda-cupti-12.8.90-0.conda
      - conda: https://conda.anaconda.org/nvidia/linux-64/cuda-cupti-dev-12.8.90-0.conda
      - conda: https://conda.anaconda.org/nvidia/linux-64/cuda-cuxxfilt-12.8.90-0.conda
      - conda: https://conda.anaconda.org/nvidia/linux-64/cuda-driver-dev-12.8.90-0.conda
      - conda: https://conda.anaconda.org/nvidia/noarch/cuda-driver-dev_linux-64-12.8.90-0.conda
      - conda: https://conda.anaconda.org/nvidia/linux-64/cuda-gdb-12.8.90-0.conda
      - conda: https://conda.anaconda.org/nvidia/linux-64/cuda-libraries-12.6.2-0.conda
      - conda: https://conda.anaconda.org/nvidia/linux-64/cuda-libraries-dev-12.6.2-0.conda
      - conda: https://conda.anaconda.org/nvidia/linux-64/cuda-nsight-12.8.90-0.conda
      - conda: https://conda.anaconda.org/nvidia/linux-64/cuda-nvcc-12.8.93-0.conda
      - conda: https://conda.anaconda.org/nvidia/noarch/cuda-nvcc-dev_linux-64-12.8.93-0.conda
      - conda: https://conda.anaconda.org/nvidia/linux-64/cuda-nvcc-impl-12.8.93-0.conda
      - conda: https://conda.anaconda.org/nvidia/linux-64/cuda-nvcc-tools-12.8.93-0.conda
      - conda: https://conda.anaconda.org/nvidia/linux-64/cuda-nvcc_linux-64-12.8.93-0.conda
      - conda: https://conda.anaconda.org/nvidia/linux-64/cuda-nvdisasm-12.8.90-0.conda
      - conda: https://conda.anaconda.org/nvidia/linux-64/cuda-nvml-dev-12.8.90-0.conda
      - conda: https://conda.anaconda.org/nvidia/linux-64/cuda-nvprof-12.8.90-0.conda
      - conda: https://conda.anaconda.org/nvidia/linux-64/cuda-nvprune-12.8.90-0.conda
      - conda: https://conda.anaconda.org/nvidia/linux-64/cuda-nvrtc-12.8.93-0.conda
      - conda: https://conda.anaconda.org/nvidia/linux-64/cuda-nvrtc-dev-12.8.93-0.conda
      - conda: https://conda.anaconda.org/nvidia/linux-64/cuda-nvtx-12.8.90-0.conda
      - conda: https://conda.anaconda.org/nvidia/noarch/cuda-nvvm-dev_linux-64-12.8.93-0.conda
      - conda: https://conda.anaconda.org/nvidia/linux-64/cuda-nvvm-impl-12.8.93-0.conda
      - conda: https://conda.anaconda.org/nvidia/linux-64/cuda-nvvm-tools-12.8.93-0.conda
      - conda: https://conda.anaconda.org/nvidia/linux-64/cuda-nvvp-12.8.93-0.conda
      - conda: https://conda.anaconda.org/nvidia/linux-64/cuda-opencl-12.8.90-0.conda
      - conda: https://conda.anaconda.org/nvidia/linux-64/cuda-opencl-dev-12.8.90-0.conda
      - conda: https://conda.anaconda.org/nvidia/linux-64/cuda-profiler-api-12.8.90-0.conda
      - conda: https://conda.anaconda.org/nvidia/linux-64/cuda-sanitizer-api-12.8.93-0.conda
      - conda: https://conda.anaconda.org/nvidia/linux-64/cuda-toolkit-12.6.2-0.conda
      - conda: https://conda.anaconda.org/nvidia/linux-64/cuda-tools-12.6.2-0.conda
      - conda: https://conda.anaconda.org/nvidia/noarch/cuda-version-12.8-3.conda
      - conda: https://conda.anaconda.org/nvidia/linux-64/cuda-visual-tools-12.6.2-0.conda
      - conda: https://conda.anaconda.org/conda-forge/linux-64/gcc_impl_linux-64-13.3.0-h1e990d8_2.conda
      - conda: https://conda.anaconda.org/conda-forge/linux-64/gcc_linux-64-13.3.0-hc28eda2_9.conda
      - conda: https://conda.anaconda.org/nvidia/linux-64/gds-tools-1.13.1.3-0.conda
      - conda: https://conda.anaconda.org/conda-forge/linux-64/gmp-6.3.0-hac33072_2.conda
      - conda: https://conda.anaconda.org/conda-forge/linux-64/gxx_impl_linux-64-13.3.0-hae580e1_2.conda
      - conda: https://conda.anaconda.org/conda-forge/linux-64/gxx_linux-64-13.3.0-h6834431_9.conda
      - conda: https://conda.anaconda.org/conda-forge/noarch/kernel-headers_linux-64-3.10.0-he073ed8_18.conda
      - conda: https://conda.anaconda.org/conda-forge/linux-64/ld_impl_linux-64-2.43-h712a8e2_4.conda
      - conda: https://conda.anaconda.org/nvidia/linux-64/libcublas-12.8.4.1-0.conda
      - conda: https://conda.anaconda.org/nvidia/linux-64/libcublas-dev-12.8.4.1-0.conda
      - conda: https://conda.anaconda.org/nvidia/linux-64/libcufft-11.3.3.83-0.conda
      - conda: https://conda.anaconda.org/nvidia/linux-64/libcufft-dev-11.3.3.83-0.conda
      - conda: https://conda.anaconda.org/nvidia/linux-64/libcufile-1.13.1.3-0.conda
      - conda: https://conda.anaconda.org/nvidia/linux-64/libcufile-dev-1.13.1.3-0.conda
      - conda: https://conda.anaconda.org/nvidia/linux-64/libcurand-10.3.9.90-0.conda
      - conda: https://conda.anaconda.org/nvidia/linux-64/libcurand-dev-10.3.9.90-0.conda
      - conda: https://conda.anaconda.org/nvidia/linux-64/libcusolver-11.7.3.90-0.conda
      - conda: https://conda.anaconda.org/nvidia/linux-64/libcusolver-dev-11.7.3.90-0.conda
      - conda: https://conda.anaconda.org/nvidia/linux-64/libcusparse-12.5.8.93-0.conda
      - conda: https://conda.anaconda.org/nvidia/linux-64/libcusparse-dev-12.5.8.93-0.conda
      - conda: https://conda.anaconda.org/conda-forge/linux-64/libgcc-14.2.0-h767d61c_2.conda
      - conda: https://conda.anaconda.org/conda-forge/noarch/libgcc-devel_linux-64-13.3.0-hc03c837_102.conda
      - conda: https://conda.anaconda.org/conda-forge/linux-64/libgcc-ng-14.2.0-h69a702a_2.conda
      - conda: https://conda.anaconda.org/conda-forge/linux-64/libgomp-14.2.0-h767d61c_2.conda
      - conda: https://conda.anaconda.org/nvidia/linux-64/libnpp-12.3.3.100-0.conda
      - conda: https://conda.anaconda.org/nvidia/linux-64/libnpp-dev-12.3.3.100-0.conda
      - conda: https://conda.anaconda.org/nvidia/linux-64/libnvfatbin-12.8.90-0.conda
      - conda: https://conda.anaconda.org/nvidia/linux-64/libnvfatbin-dev-12.8.90-0.conda
      - conda: https://conda.anaconda.org/nvidia/linux-64/libnvjitlink-12.8.93-1.conda
      - conda: https://conda.anaconda.org/nvidia/linux-64/libnvjitlink-dev-12.8.93-1.conda
      - conda: https://conda.anaconda.org/nvidia/linux-64/libnvjpeg-12.3.5.92-0.conda
      - conda: https://conda.anaconda.org/nvidia/linux-64/libnvjpeg-dev-12.3.5.92-0.conda
      - conda: https://conda.anaconda.org/conda-forge/linux-64/libsanitizer-13.3.0-he8ea267_2.conda
      - conda: https://conda.anaconda.org/conda-forge/linux-64/libstdcxx-14.2.0-h8f9b012_2.conda
      - conda: https://conda.anaconda.org/conda-forge/noarch/libstdcxx-devel_linux-64-13.3.0-hc03c837_102.conda
      - conda: https://conda.anaconda.org/conda-forge/linux-64/libstdcxx-ng-14.2.0-h4852527_2.conda
      - conda: https://conda.anaconda.org/nvidia/linux-64/nsight-compute-2024.1.1.4-0.tar.bz2
      - conda: https://conda.anaconda.org/conda-forge/linux-64/ocl-icd-2.3.3-hb9d3cd8_0.conda
      - conda: https://conda.anaconda.org/conda-forge/linux-64/opencl-headers-2024.10.24-h5888daf_0.conda
      - conda: https://conda.anaconda.org/conda-forge/noarch/sysroot_linux-64-2.17-h0157908_18.conda
      - conda: https://conda.anaconda.org/conda-forge/noarch/tzdata-2025b-h78e105d_0.conda
  default:
    channels:
    - url: https://conda.anaconda.org/conda-forge/
    packages: {}
packages:
- conda: https://conda.anaconda.org/conda-forge/linux-64/_libgcc_mutex-0.1-conda_forge.tar.bz2
  sha256: fe51de6107f9edc7aa4f786a70f4a883943bc9d39b3bb7307c04c41410990726
  md5: d7c89558ba9fa0495403155b64376d81
  license: None
  size: 2562
  timestamp: 1578324546067
- conda: https://conda.anaconda.org/conda-forge/linux-64/_openmp_mutex-4.5-2_gnu.tar.bz2
  build_number: 16
  sha256: fbe2c5e56a653bebb982eda4876a9178aedfc2b545f25d0ce9c4c0b508253d22
  md5: 73aaf86a425cc6e73fcf236a5a46396d
  depends:
  - _libgcc_mutex 0.1 conda_forge
  - libgomp >=7.5.0
  constrains:
  - openmp_impl 9999
  license: BSD-3-Clause
  license_family: BSD
  size: 23621
  timestamp: 1650670423406
- conda: https://conda.anaconda.org/conda-forge/linux-64/binutils_impl_linux-64-2.43-h4bf12b8_4.conda
  sha256: 194d771be287dc973f6057c0747010ce28adf960f38d6e03ce3e828d7b74833e
  md5: ef67db625ad0d2dce398837102f875ed
  depends:
  - ld_impl_linux-64 2.43 h712a8e2_4
  - sysroot_linux-64
  license: GPL-3.0-only
  license_family: GPL
  size: 6111717
  timestamp: 1740155471052
- conda: https://conda.anaconda.org/conda-forge/linux-64/binutils_linux-64-2.43-h4852527_4.conda
  sha256: fe662a038dc14334617940f42ede9ba26d4160771255057cb14fb1a81ee12ac1
  md5: c87e146f5b685672d4aa6b527c6d3b5e
  depends:
  - binutils_impl_linux-64 2.43 h4bf12b8_4
  license: GPL-3.0-only
  license_family: GPL
  size: 35657
  timestamp: 1740155500723
- conda: https://conda.anaconda.org/nvidia/linux-64/cuda-cccl_linux-64-12.8.90-0.conda
  sha256: cbde774232656eafafe8fc28419b8b71948f5bab46bcc9c351482624c4c99c83
  md5: 8fc5a4205e5dcbad6148b160a0b08488
  depends:
  - cuda-version >=12.8,<12.9.0a0
  license: LicenseRef-NVIDIA-End-User-License-Agreement
  size: 1060399
  timestamp: 1739456490924
- conda: https://conda.anaconda.org/nvidia/linux-64/cuda-command-line-tools-12.6.2-0.conda
  sha256: 895a785fada7b53e67137b5679155573f17716e6c777f614d27cef3015dd0189
  md5: 5d95db7b5cd824f75b50dd490ae56c13
  depends:
  - cuda-cupti-dev
  - cuda-gdb
  - cuda-nvdisasm
  - cuda-nvprof
  - cuda-nvtx
  - cuda-sanitizer-api
  license: LicenseRef-NVIDIA-End-User-License-Agreement
  size: 16980
  timestamp: 1726770200580
- conda: https://conda.anaconda.org/nvidia/linux-64/cuda-compiler-12.6.2-0.conda
  sha256: eed9651aeb4fed1d263c21759238a3a843d4aeaed7c752a66041a410ebaf7b3c
  md5: 4cb5c21675ad12851769f8fecb7fb1da
  depends:
  - __linux
  - cuda-cuobjdump
  - cuda-cuxxfilt
  - cuda-nvcc
  - cuda-nvprune
  license: LicenseRef-NVIDIA-End-User-License-Agreement
  size: 16973
  timestamp: 1726770213457
- conda: https://conda.anaconda.org/nvidia/noarch/cuda-crt-dev_linux-64-12.8.93-0.conda
  sha256: f19a2c2282ff8407af89c79420a1204c54b80884fde8d54135920357abd7572a
  md5: 47902dcf03c12640171c6b8943401483
  depends:
  - cuda-version >=12.8,<12.9.0a0
  license: LicenseRef-NVIDIA-End-User-License-Agreement
  size: 84148
  timestamp: 1740203524161
- conda: https://conda.anaconda.org/nvidia/linux-64/cuda-crt-tools-12.8.93-0.conda
  sha256: 7b2189252fdb1892cf6ebd14058bf292ec843b261a2d45aa1d8d36d3600a94b4
  md5: afdbba4bbd59b7850c3e5a07b87f041d
  depends:
  - cuda-version >=12.8,<12.9.0a0
  license: LicenseRef-NVIDIA-End-User-License-Agreement
  size: 19216
  timestamp: 1740203527212
- conda: https://conda.anaconda.org/nvidia/linux-64/cuda-cudart-12.8.90-0.conda
  sha256: 879f0dbda4464c0f9b4158e8bd6e521833ac95be3df9d432e988b10bbb0f54f8
  md5: 1f08a30e0c3f7056cb10020107696928
  depends:
  - __glibc >=2.17,<3.0.a0
  - cuda-cudart_linux-64 12.8.90 0
  - cuda-version >=12.8,<12.9.0a0
  - libgcc-ng >=11.2.0
  - libstdcxx-ng >=11.2.0
  license: LicenseRef-NVIDIA-End-User-License-Agreement
  size: 17666
  timestamp: 1739446204409
- conda: https://conda.anaconda.org/nvidia/linux-64/cuda-cudart-dev-12.8.90-0.conda
  sha256: 9fa2b5cd8ccc8431638988936dd920741c38f46fd69956ade54ab91db30c3654
  md5: ce069f909b1df418f2be01859e080bef
  depends:
  - __glibc >=2.17,<3.0.a0
  - cuda-cudart 12.8.90 0
  - cuda-cudart-dev_linux-64 12.8.90 0
  - cuda-cudart-static 12.8.90 0
  - cuda-version >=12.8,<12.9.0a0
  - libgcc-ng >=11.2.0
  - libstdcxx-ng >=11.2.0
  license: LicenseRef-NVIDIA-End-User-License-Agreement
  size: 17741
  timestamp: 1739446220747
- conda: https://conda.anaconda.org/nvidia/noarch/cuda-cudart-dev_linux-64-12.8.90-0.conda
  sha256: 5c0ff9456d2d0c39041ac7e1e4408508d61413517ba3162c953113b573da9d8e
  md5: 2f3b2712d8877ee99cf40a6a9b527250
  depends:
  - cuda-cccl_linux-64
  - cuda-cudart-static_linux-64
  - cuda-cudart_linux-64
  - cuda-version >=12.8,<12.9.0a0
  license: LicenseRef-NVIDIA-End-User-License-Agreement
  size: 381830
  timestamp: 1739446208152
- conda: https://conda.anaconda.org/nvidia/linux-64/cuda-cudart-static-12.8.90-0.conda
  sha256: 8e93a18c81e510d62289178d3344af3865bcbe37b694c7890a1919217fd31a2e
  md5: ddae12fe2225728e706b708aff52c757
  depends:
  - __glibc >=2.17,<3.0.a0
  - cuda-cudart-static_linux-64 12.8.90 0
  - cuda-version >=12.8,<12.9.0a0
  - libgcc-ng >=11.2.0
  - libstdcxx-ng >=11.2.0
  license: LicenseRef-NVIDIA-End-User-License-Agreement
  size: 17369
  timestamp: 1739446213223
- conda: https://conda.anaconda.org/nvidia/noarch/cuda-cudart-static_linux-64-12.8.90-0.conda
  sha256: ac6513f0b9790695c715865b2cbc5ddfc670e98c16a8a2e5f46899da24811143
  md5: 73c9b9d4eb67dd57fa122626c04331eb
  depends:
  - cuda-version >=12.8,<12.9.0a0
  license: LicenseRef-NVIDIA-End-User-License-Agreement
  size: 980032
  timestamp: 1739446190141
- conda: https://conda.anaconda.org/nvidia/noarch/cuda-cudart_linux-64-12.8.90-0.conda
  sha256: e4bbba74a1a3dc6d2eed22e99eec02c11bd954b19152329618a7486b779b0e6e
  md5: adf7d7473089b905a719ded172e516ec
  depends:
  - cuda-version >=12.8,<12.9.0a0
  license: LicenseRef-NVIDIA-End-User-License-Agreement
  size: 188018
  timestamp: 1739446196726
- conda: https://conda.anaconda.org/nvidia/linux-64/cuda-cuobjdump-12.8.90-0.conda
  sha256: 55997843ae72dd4105cab0ac47e2264bc9c49bfeb24a3d8a3e4fd49bbc1687d9
  md5: 123d447c6cf4733477a81e82871e65c6
  depends:
  - __glibc >=2.17,<3.0.a0
  - cuda-nvdisasm
  - cuda-version >=12.8,<12.9.0a0
  - libgcc-ng >=11.2.0
  - libstdcxx-ng >=11.2.0
  license: LicenseRef-NVIDIA-End-User-License-Agreement
  size: 228699
  timestamp: 1739446162824
- conda: https://conda.anaconda.org/nvidia/linux-64/cuda-cupti-12.8.90-0.conda
  sha256: 343c70b50a3cbbcd8bc5ef02cd57ea6530c5e7f76ebb1fb71a4329c0776c4462
  md5: e3f2147cde9566265a16dd9be10c9b54
  depends:
  - __glibc >=2.17,<3.0.a0
  - cuda-version >=12.8,<12.9.0a0
  - libgcc-ng >=11.2.0
  - libstdcxx-ng >=11.2.0
  license: LicenseRef-NVIDIA-End-User-License-Agreement
  size: 1856920
  timestamp: 1739450002618
- conda: https://conda.anaconda.org/nvidia/linux-64/cuda-cupti-dev-12.8.90-0.conda
  sha256: e32c1000a75d0be1bcd63ef55b60853c0f8979b4621121bab81535453342cf93
  md5: 9a687e3f9a8d216c603867ebdfcb6a32
  depends:
  - __glibc >=2.17,<3.0.a0
  - cuda-cupti 12.8.90 0
  - cuda-version >=12.8,<12.9.0a0
  - libgcc-ng >=11.2.0
  - libstdcxx-ng >=11.2.0
  constrains:
  - cuda-cupti-static >=12.8.90
  license: LicenseRef-NVIDIA-End-User-License-Agreement
  size: 4264975
  timestamp: 1739450047484
- conda: https://conda.anaconda.org/nvidia/linux-64/cuda-cuxxfilt-12.8.90-0.conda
  sha256: 1e612e2c0d1280c2f137e89b42ce2b2ac7aef5cb629f12bf30d5187b38563868
  md5: 0c5f7298a60f56eec5bf14573e0bf699
  depends:
  - __glibc >=2.17,<3.0.a0
  - cuda-version >=12.8,<12.9.0a0
  - libgcc-ng >=11.2.0
  - libstdcxx-ng >=11.2.0
  license: LicenseRef-NVIDIA-End-User-License-Agreement
  size: 213210
  timestamp: 1739446326257
- conda: https://conda.anaconda.org/nvidia/linux-64/cuda-driver-dev-12.8.90-0.conda
  sha256: d7639193c934c15b50e74f61e780e2df823baf05f6349e6f5ca8003407badd5f
  md5: 525b873de52e89c7b2b8be6102d4f97e
  depends:
  - __glibc >=2.17,<3.0.a0
  - cuda-driver-dev_linux-64
  - cuda-version >=12.8,<12.9.0a0
  - libgcc-ng >=11.2.0
  - libstdcxx-ng >=11.2.0
  license: LicenseRef-NVIDIA-End-User-License-Agreement
  size: 17185
  timestamp: 1739446217003
- conda: https://conda.anaconda.org/nvidia/noarch/cuda-driver-dev_linux-64-12.8.90-0.conda
  sha256: 639177902c15b8e75e8c48fe0ff0a4bb29648b1752a3819711d25a7de9d0078e
  md5: 097742a26483300e3c7c20e62b286ab2
  depends:
  - cuda-version >=12.8,<12.9.0a0
  license: LicenseRef-NVIDIA-End-User-License-Agreement
  size: 31649
  timestamp: 1739446200647
- conda: https://conda.anaconda.org/nvidia/linux-64/cuda-gdb-12.8.90-0.conda
  sha256: 17a5559a0efa2123eda76bcfc222add6e6001095ce4f342e48c5e812371853fe
  md5: 854b4aee76e918aa26bb63c364143150
  depends:
  - __glibc >=2.17,<3.0.a0
  - cuda-version >=12.8,<12.9.0a0
  - gmp >=6.3.0,<7.0a0
  - libgcc-ng >=11.2.0
  - libstdcxx-ng >=11.2.0
  license: LicenseRef-NVIDIA-End-User-License-Agreement
  size: 356911
  timestamp: 1739449648073
- conda: https://conda.anaconda.org/nvidia/linux-64/cuda-libraries-12.6.2-0.conda
  sha256: f45342a1fe9f37c63096b81be13855bae963c28dbc76f5e285775dcbd3532dc1
  md5: 22b918b1cadfac665fd4babf8e640045
  depends:
  - cuda-cudart
  - cuda-nvrtc
  - cuda-opencl
  - libcublas
  - libcufft
  - libcufile
  - libcurand
  - libcusolver
  - libcusparse
  - libnpp
  - libnvfatbin
  - libnvjitlink
  - libnvjpeg
  license: LicenseRef-NVIDIA-End-User-License-Agreement
  size: 16947
  timestamp: 1726770240873
- conda: https://conda.anaconda.org/nvidia/linux-64/cuda-libraries-dev-12.6.2-0.conda
  sha256: 6a4b1f4cb1899757627a61021d29ab34b7d0b1dcdfaa1197c553a4ffecd2bea2
  md5: 5b7158ef6fd3533928116d8559790792
  depends:
  - cuda-cccl_linux-64
  - cuda-cudart-dev
  - cuda-driver-dev
  - cuda-nvrtc-dev
  - cuda-opencl-dev
  - cuda-profiler-api
  - libcublas-dev
  - libcufft-dev
  - libcufile-dev
  - libcurand-dev
  - libcusolver-dev
  - libcusparse-dev
  - libnpp-dev
  - libnvfatbin-dev
  - libnvjitlink-dev
  - libnvjpeg-dev
  license: LicenseRef-NVIDIA-End-User-License-Agreement
  size: 17008
  timestamp: 1726770252716
- conda: https://conda.anaconda.org/nvidia/linux-64/cuda-nsight-12.8.90-0.conda
  sha256: 275e609d20c3e4ea5a9ab88f50339f6ff8dbaca42ec2d47683d48b5b455cb4b3
  md5: bcd131a2b582f93a4ad104bb66668de6
  depends:
  - cuda-version >=12.8,<12.9.0a0
  license: LicenseRef-NVIDIA-End-User-License-Agreement
  size: 118699921
  timestamp: 1739449016567
- conda: https://conda.anaconda.org/nvidia/linux-64/cuda-nvcc-12.8.93-0.conda
  sha256: 68f20004bc574095a73cc0b2d8cc1d4db6d86f3980aa4baf32bd1aee0446a89e
  md5: 1b9af3335b3f5f07a3faca9d7f14eba3
  depends:
  - cuda-nvcc_linux-64 12.8.93.*
  - gcc_linux-64
  - gxx_linux-64
  license: LicenseRef-NVIDIA-End-User-License-Agreement
  size: 16906
  timestamp: 1740203716574
- conda: https://conda.anaconda.org/nvidia/noarch/cuda-nvcc-dev_linux-64-12.8.93-0.conda
  sha256: e0ad50b1841ad3969aa19a9358aba6a72b85c00f6f5e4abd43d911e23ae9f7df
  md5: fdead0f7bf91c9a0af0e402edd320c49
  depends:
  - cuda-crt-dev_linux-64 12.8.93 0
  - cuda-nvvm-dev_linux-64 12.8.93 0
  - cuda-version >=12.8,<12.9.0a0
  - libgcc-ng >=6
  constrains:
  - gcc_impl_linux-64 >=6,<14.0a0
  license: LicenseRef-NVIDIA-End-User-License-Agreement
  size: 13247399
  timestamp: 1740203658216
- conda: https://conda.anaconda.org/nvidia/linux-64/cuda-nvcc-impl-12.8.93-0.conda
  sha256: b0fb0b9f13e08253aa0055f59b252acf14d491ef4fad0137ff1844c0756b4770
  md5: 036e883bf1bc010b0cbefa4cacf2b5b4
  depends:
  - cuda-cudart >=12.8.57,<13.0a0
  - cuda-cudart-dev
  - cuda-nvcc-dev_linux-64 12.8.93 0
  - cuda-nvcc-tools 12.8.93 0
  - cuda-nvvm-impl 12.8.93 0
  - cuda-version >=12.8,<12.9.0a0
  constrains:
  - gcc_impl_linux-64 >=6,<14.0a0
  license: LicenseRef-NVIDIA-End-User-License-Agreement
  size: 18824
  timestamp: 1740203690610
- conda: https://conda.anaconda.org/nvidia/linux-64/cuda-nvcc-tools-12.8.93-0.conda
  sha256: 06de41a38e95df52dfa1cfa331b1db12ff72b217b09f00daef3e7562842307de
  md5: 4822347af4cbff51dbcaaecc40c84a11
  depends:
  - __glibc >=2.17,<3.0.a0
  - cuda-crt-tools 12.8.93 0
  - cuda-nvvm-tools 12.8.93 0
  - cuda-version >=12.8,<12.9.0a0
  - libgcc-ng >=11.2.0
  - libstdcxx-ng >=11.2.0
  constrains:
  - gcc_impl_linux-64 >=6,<14.0a0
  license: LicenseRef-NVIDIA-End-User-License-Agreement
  size: 25679347
  timestamp: 1740203616520
- conda: https://conda.anaconda.org/nvidia/linux-64/cuda-nvcc_linux-64-12.8.93-0.conda
  sha256: dad809630c9a74f0d0ca956c7b40300b89ef393dbf6b06a7c70281d8c28c4992
  md5: f38969982634ce44ff086b9d2dc6c57a
  depends:
  - __glibc >=2.17,<3.0.a0
  - cuda-cudart-dev_linux-64 12.8.*
  - cuda-driver-dev_linux-64 12.8.*
  - cuda-nvcc-dev_linux-64 12.8.93.*
  - cuda-nvcc-impl 12.8.93.*
  - cuda-nvcc-tools 12.8.93.*
  - sysroot_linux-64 >=2.17,<3.0a0
  license: LicenseRef-NVIDIA-End-User-License-Agreement
  size: 20074
  timestamp: 1740203715807
- conda: https://conda.anaconda.org/nvidia/linux-64/cuda-nvdisasm-12.8.90-0.conda
  sha256: 171e7d213d831256da7417aab1f00aafd5b96ca3b15459f35a68a8f7b6350885
  md5: dc99f6987b4eb1bd71eb097aa1b8b203
  depends:
  - __glibc >=2.17,<3.0.a0
  - cuda-version >=12.8,<12.9.0a0
  - libgcc-ng >=11.2.0
  - libstdcxx-ng >=11.2.0
  license: LicenseRef-NVIDIA-End-User-License-Agreement
  size: 5119673
  timestamp: 1739446083609
- conda: https://conda.anaconda.org/nvidia/linux-64/cuda-nvml-dev-12.8.90-0.conda
  sha256: 9732e1ab683c2f6816c3c829f6936901ac27889d6a285e84393f9a2a36145462
  md5: 669643dfe28d5e80525964c9eaa1c29e
  depends:
  - __glibc >=2.17,<3.0.a0
  - cuda-version >=12.8,<12.9.0a0
  - libgcc-ng >=11.2.0
  - libstdcxx-ng >=11.2.0
  license: LicenseRef-NVIDIA-End-User-License-Agreement
  size: 133038
  timestamp: 1739444283555
- conda: https://conda.anaconda.org/nvidia/linux-64/cuda-nvprof-12.8.90-0.conda
  sha256: 798cb66d8eca1931c29cb18144040bf1c55bacd0fd1291ede1a15fa7afb9d03a
  md5: 2452ca8083e1152b863716cec671b677
  depends:
  - __glibc >=2.17,<3.0.a0
  - cuda-cupti
  - cuda-version >=12.8,<12.9.0a0
  - libgcc-ng >=11.2.0
  - libstdcxx-ng >=11.2.0
  license: LicenseRef-NVIDIA-End-User-License-Agreement
  size: 2621629
  timestamp: 1739479109118
- conda: https://conda.anaconda.org/nvidia/linux-64/cuda-nvprune-12.8.90-0.conda
  sha256: c2b3cd3fd7f70efdda5f4111ddb6545c9e599703311db6747f5ed4eb7dedc4cb
  md5: 77951b73dfba1c16e85a36a7fb9713f0
  depends:
  - __glibc >=2.17,<3.0.a0
  - cuda-version >=12.8,<12.9.0a0
  - libgcc-ng >=11.2.0
  - libstdcxx-ng >=11.2.0
  license: LicenseRef-NVIDIA-End-User-License-Agreement
  size: 65292
  timestamp: 1739445943916
- conda: https://conda.anaconda.org/nvidia/linux-64/cuda-nvrtc-12.8.93-0.conda
  sha256: 04ec8561afbe92d8ec8a019438622970c9f9d1f084eb73c54dfca6780c2046f5
  md5: ad21bf0cb90fc783cb02a7f84d87c674
  depends:
  - __glibc >=2.17,<3.0.a0
  - cuda-version >=12.8,<12.9.0a0
  - libgcc-ng >=11.2.0
  - libstdcxx-ng >=11.2.0
  license: LicenseRef-NVIDIA-End-User-License-Agreement
  size: 66391365
  timestamp: 1740202864449
- conda: https://conda.anaconda.org/nvidia/linux-64/cuda-nvrtc-dev-12.8.93-0.conda
  sha256: 2a1f5b58901d10d1bb5b6cc7f96a6febc081526abf68691d0849285084378589
  md5: 7aa6fad8a4f0ee6f72e4ae11bed0f6d4
  depends:
  - __glibc >=2.17,<3.0.a0
  - cuda-nvrtc 12.8.93 0
  - cuda-version >=12.8,<12.9.0a0
  - libgcc-ng >=11.2.0
  - libstdcxx-ng >=11.2.0
  constrains:
  - cuda-nvrtc-static >=12.8.93
  license: LicenseRef-NVIDIA-End-User-License-Agreement
  size: 30031
  timestamp: 1740203153638
- conda: https://conda.anaconda.org/nvidia/linux-64/cuda-nvtx-12.8.90-0.conda
  sha256: d42f2315a5a59b34415bb529511d075f1352b3bc093047d78bbf5a02e3378c0c
  md5: 2516df806a22f0682e18aa94bbdd7356
  depends:
  - __glibc >=2.17,<3.0.a0
  - cuda-version >=12.8,<12.9.0a0
  - libgcc-ng >=11.2.0
  - libstdcxx-ng >=11.2.0
  license: LicenseRef-NVIDIA-End-User-License-Agreement
  size: 27143
  timestamp: 1739445637894
- conda: https://conda.anaconda.org/nvidia/noarch/cuda-nvvm-dev_linux-64-12.8.93-0.conda
  sha256: 3b353611e0b895f697142097cd0aa14e1d6aa135ce81676d5e201adfb532287f
  md5: d4f95227b62472674c590dffc02d7058
  depends:
  - cuda-version >=12.8,<12.9.0a0
  license: LicenseRef-NVIDIA-End-User-License-Agreement
  size: 17304
  timestamp: 1740203529894
- conda: https://conda.anaconda.org/nvidia/linux-64/cuda-nvvm-impl-12.8.93-0.conda
  sha256: f000a6f3153b5e25546b576353ac9564caa5c7c63373491103f088bab0f4f794
  md5: 1d07df513c414dea7fe4e106cb80a4b5
  depends:
  - __glibc >=2.17,<3.0.a0
  - cuda-version >=12.8,<12.9.0a0
  - libgcc-ng >=11.2.0
  - libstdcxx-ng >=11.2.0
  license: LicenseRef-NVIDIA-End-User-License-Agreement
  size: 21773749
  timestamp: 1740203537883
- conda: https://conda.anaconda.org/nvidia/linux-64/cuda-nvvm-tools-12.8.93-0.conda
  sha256: 08965ff982a2b7d986a06c69223a21f5a3b115c059c382455e87a824084ea08f
  md5: 6aa631b2d25f6fea6b7548bdec3c265c
  depends:
  - __glibc >=2.17,<3.0.a0
  - cuda-version >=12.8,<12.9.0a0
  - libgcc-ng >=11.2.0
  - libstdcxx-ng >=11.2.0
  license: LicenseRef-NVIDIA-End-User-License-Agreement
  size: 24653477
  timestamp: 1740203574434
- conda: https://conda.anaconda.org/nvidia/linux-64/cuda-nvvp-12.8.93-0.conda
  sha256: 8f94c34e79bebcafca0483f4eef36f2f6b5098425c993e3fb3b30c0d9e6e6897
  md5: b4315ba94861b123f5324ef56b00926d
  depends:
  - __glibc >=2.17,<3.0.a0
  - cuda-nvdisasm
  - cuda-nvprof
  - cuda-version >=12.8,<12.9.0a0
  - libgcc-ng >=11.2.0
  - libstdcxx-ng >=11.2.0
  license: LicenseRef-NVIDIA-End-User-License-Agreement
  size: 117802085
  timestamp: 1740203830572
- conda: https://conda.anaconda.org/nvidia/linux-64/cuda-opencl-12.8.90-0.conda
  sha256: a97d1b4427b707facb6988fe1a667f4db623c2961bb1f375f0a60ebdc6e99829
  md5: 36eb9fc00e8286782698e35674ffed2f
  depends:
  - __glibc >=2.17,<3.0.a0
  - cuda-version >=12.8,<12.9.0a0
  - libgcc-ng >=11.2.0
  - libstdcxx-ng >=11.2.0
  - ocl-icd >=2.3.2,<3.0a0
  license: LicenseRef-NVIDIA-End-User-License-Agreement
  size: 26039
  timestamp: 1739445927117
- conda: https://conda.anaconda.org/nvidia/linux-64/cuda-opencl-dev-12.8.90-0.conda
  sha256: ae357369ba35d89e1dc9bde99490a0dd328e0bfa3fc66b49df4f6c06514c3a5e
  md5: 9cf65e338358c67473ee1dd9b35820b3
  depends:
  - __glibc >=2.17,<3.0.a0
  - cuda-opencl 12.8.90 0
  - cuda-version >=12.8,<12.9.0a0
  - libgcc-ng >=11.2.0
  - libstdcxx-ng >=11.2.0
  license: LicenseRef-NVIDIA-End-User-License-Agreement
  size: 92492
  timestamp: 1739445930585
- conda: https://conda.anaconda.org/nvidia/linux-64/cuda-profiler-api-12.8.90-0.conda
  sha256: 9edc68a9e71302882b63bde1dc5767efcb580c9b12b13a51e40f7f4c7eb2646c
  md5: c4fc217eb5ca678ebd498b785d7eb700
  depends:
  - cuda-cudart-dev
  - cuda-version >=12.8,<12.9.0a0
  license: LicenseRef-NVIDIA-End-User-License-Agreement
  size: 19492
  timestamp: 1739446050732
- conda: https://conda.anaconda.org/nvidia/linux-64/cuda-sanitizer-api-12.8.93-0.conda
  sha256: 954e8f93371e01a3986eba3884b7e4c17e73aeddf765b78b3b01c83a6257102f
  md5: b65ce4c119d0d400a07baae2f455fb42
  depends:
  - __glibc >=2.17,<3.0.a0
  - cuda-version >=12.8,<12.9.0a0
  - libgcc-ng >=11.2.0
  - libstdcxx-ng >=11.2.0
  license: LicenseRef-NVIDIA-End-User-License-Agreement
  size: 9561346
  timestamp: 1740203770476
- conda: https://conda.anaconda.org/nvidia/linux-64/cuda-toolkit-12.6.2-0.conda
  sha256: e417e2f4d173c6592f6621ff11da139c7cc4fcfe419929a28fa10fd864e8c8db
  md5: d4bfc0f990171c45f8e4a6e969cff04f
  depends:
  - __linux
  - cuda-compiler 12.6.2.*
  - cuda-libraries 12.6.2.*
  - cuda-libraries-dev 12.6.2.*
  - cuda-nvml-dev
  - cuda-tools 12.6.2.*
  license: LicenseRef-NVIDIA-End-User-License-Agreement
  size: 16923
  timestamp: 1726770329472
- conda: https://conda.anaconda.org/nvidia/linux-64/cuda-tools-12.6.2-0.conda
  sha256: 3b2f0386d6b3870d6b7d3be8c776c111c597e342543b37ae79a954cec41768f0
  md5: 3d450fdd992a9295a73a8301afc6e71f
  depends:
  - cuda-command-line-tools 12.6.2.*
  - cuda-visual-tools 12.6.2.*
  - gds-tools
  license: LicenseRef-NVIDIA-End-User-License-Agreement
  size: 16906
  timestamp: 1726770317193
- conda: https://conda.anaconda.org/nvidia/noarch/cuda-version-12.8-3.conda
  sha256: 0193901b9be91ea09278538707908fbd0a5b21059c57ff0aa7ce1a597009f56d
  md5: c4a0e656851b1a8a5ec8f7a407d0204c
  constrains:
  - __cuda >=12
  - cudatoolkit 12.8|12.8.*
  license: LicenseRef-NVIDIA-End-User-License-Agreement
  size: 17104
  timestamp: 1741063629415
- conda: https://conda.anaconda.org/nvidia/linux-64/cuda-visual-tools-12.6.2-0.conda
  sha256: e1f857ad7c6ddf92a6979a83a9ba84eff973e0aa41674516f4f4620a9b714e5e
  md5: 3b641cd57e51323e2d674318b533dc1a
  depends:
  - cuda-libraries-dev 12.6.2.*
  - cuda-nsight
  - cuda-nvml-dev
  - cuda-nvvp
  - nsight-compute
  license: LicenseRef-NVIDIA-End-User-License-Agreement
  size: 16965
  timestamp: 1726770278034
- conda: https://conda.anaconda.org/conda-forge/linux-64/gcc_impl_linux-64-13.3.0-h1e990d8_2.conda
  sha256: c3e9f243ea8292eecad78bb200d8f5b590e0f82bf7e7452a3a7c8df4eea6f774
  md5: f46cf0acdcb6019397d37df1e407ab91
  depends:
  - binutils_impl_linux-64 >=2.40
  - libgcc >=13.3.0
  - libgcc-devel_linux-64 13.3.0 hc03c837_102
  - libgomp >=13.3.0
  - libsanitizer 13.3.0 he8ea267_2
  - libstdcxx >=13.3.0
  - sysroot_linux-64
  license: GPL-3.0-only WITH GCC-exception-3.1
  license_family: GPL
  size: 66770653
  timestamp: 1740240400031
- conda: https://conda.anaconda.org/conda-forge/linux-64/gcc_linux-64-13.3.0-hc28eda2_9.conda
  sha256: 002ce61822561678c26618c6f1a0dc7934daa39a086b05f03034807c188c5deb
  md5: d879fefaad64cf97028f82328504c356
  depends:
  - binutils_linux-64
  - gcc_impl_linux-64 13.3.0.*
  - sysroot_linux-64
  license: BSD-3-Clause
  license_family: BSD
  size: 32705
  timestamp: 1744834607386
- conda: https://conda.anaconda.org/nvidia/linux-64/gds-tools-1.13.1.3-0.conda
  sha256: a4c681096f97d332e3fb9ccce100dc6c8fd826a856ccffa91b9d0382b2e357a4
  md5: 1907d5b984cf4d09c183f4b414360bcb
  depends:
  - __glibc >=2.17,<3.0.a0
  - cuda-version >=12.8,<12.9.0a0
  - libcufile >=1.13.1.3,<2.0a0
  - libgcc-ng >=11.2.0
  - libstdcxx-ng >=11.2.0
  license: LicenseRef-NVIDIA-End-User-License-Agreement
  size: 39614514
  timestamp: 1739384370945
- conda: https://conda.anaconda.org/conda-forge/linux-64/gmp-6.3.0-hac33072_2.conda
  sha256: 309cf4f04fec0c31b6771a5809a1909b4b3154a2208f52351e1ada006f4c750c
  md5: c94a5994ef49749880a8139cf9afcbe1
  depends:
  - libgcc-ng >=12
  - libstdcxx-ng >=12
  license: GPL-2.0-or-later OR LGPL-3.0-or-later
  size: 460055
  timestamp: 1718980856608
- conda: https://conda.anaconda.org/conda-forge/linux-64/gxx_impl_linux-64-13.3.0-hae580e1_2.conda
  sha256: 7cb36526a5c3e75ae07452aee5c9b6219f62fad9f85cc6d1dab5b21d1c4cc996
  md5: b55f02540605c322a47719029f8404cc
  depends:
  - gcc_impl_linux-64 13.3.0 h1e990d8_2
  - libstdcxx-devel_linux-64 13.3.0 hc03c837_102
  - sysroot_linux-64
  - tzdata
  license: GPL-3.0-only WITH GCC-exception-3.1
  license_family: GPL
  size: 13362974
  timestamp: 1740240672045
- conda: https://conda.anaconda.org/conda-forge/linux-64/gxx_linux-64-13.3.0-h6834431_9.conda
  sha256: 786b2706107f30edbedc23f3dd07c5682ac46738bb9ffd6269be0acf41e99c8d
  md5: f5d55f45c444cfe5b767a1447c957f85
  depends:
  - binutils_linux-64
  - gcc_linux-64 13.3.0 hc28eda2_9
  - gxx_impl_linux-64 13.3.0.*
  - sysroot_linux-64
  license: BSD-3-Clause
  license_family: BSD
  size: 31066
  timestamp: 1744834626799
- conda: https://conda.anaconda.org/conda-forge/noarch/kernel-headers_linux-64-3.10.0-he073ed8_18.conda
  sha256: a922841ad80bd7b222502e65c07ecb67e4176c4fa5b03678a005f39fcc98be4b
  md5: ad8527bf134a90e1c9ed35fa0b64318c
  constrains:
  - sysroot_linux-64 ==2.17
  license: LGPL-2.0-or-later AND LGPL-2.0-or-later WITH exceptions AND GPL-2.0-or-later AND MPL-2.0
  license_family: GPL
  size: 943486
  timestamp: 1729794504440
- conda: https://conda.anaconda.org/conda-forge/linux-64/ld_impl_linux-64-2.43-h712a8e2_4.conda
  sha256: db73f38155d901a610b2320525b9dd3b31e4949215c870685fd92ea61b5ce472
  md5: 01f8d123c96816249efd255a31ad7712
  depends:
  - __glibc >=2.17,<3.0.a0
  constrains:
  - binutils_impl_linux-64 2.43
  license: GPL-3.0-only
  license_family: GPL
  size: 671240
  timestamp: 1740155456116
- conda: https://conda.anaconda.org/nvidia/linux-64/libcublas-12.8.4.1-0.conda
  sha256: 9ca28aa9b2772bbe3b19373b38dba6161e925e70af88e95d4dc4ff6ee91b7040
  md5: 7994d9b87f283ff66b4450adce91b809
  depends:
  - __glibc >=2.17,<3.0.a0
  - cuda-nvrtc
  - cuda-version >=12.8,<12.9.0a0
  - libgcc-ng >=11.2.0
  - libstdcxx-ng >=11.2.0
  license: LicenseRef-NVIDIA-End-User-License-Agreement
  size: 471309023
  timestamp: 1740555390251
- conda: https://conda.anaconda.org/nvidia/linux-64/libcublas-dev-12.8.4.1-0.conda
  sha256: bd10eca0ca52067165cf9f79fc412165a8c6a5e4d9e0f2f4112456bcca010fc9
  md5: 71af4444cec56e497ea523fd3e0cb018
  depends:
  - __glibc >=2.17,<3.0.a0
  - cuda-version >=12.8,<12.9.0a0
  - libcublas 12.8.4.1 0
  - libgcc-ng >=11.2.0
  - libstdcxx-ng >=11.2.0
  constrains:
  - libcublas-static >=12.8.4.1
  license: LicenseRef-NVIDIA-End-User-License-Agreement
  size: 85672
  timestamp: 1740556217464
- conda: https://conda.anaconda.org/nvidia/linux-64/libcufft-11.3.3.83-0.conda
  sha256: ae44a5a8db563a57f3b9cb75ac0a1d0c9b259da7302d62686ac949d1fc82cb00
  md5: 548ef6156b3a5f4f3d74f14161b0befd
  depends:
  - __glibc >=2.17,<3.0.a0
  - cuda-version >=12.8,<12.9.0a0
  - libgcc-ng >=11.2.0
  - libstdcxx-ng >=11.2.0
  license: LicenseRef-NVIDIA-End-User-License-Agreement
  size: 154805329
  timestamp: 1741042299898
- conda: https://conda.anaconda.org/nvidia/linux-64/libcufft-dev-11.3.3.83-0.conda
  sha256: 96260d551a037ead82ae8336dd13ae8699245344a4a1c79d9327802739c9bb66
  md5: 1dec04f952445ef867a5bcb275a0800b
  depends:
  - __glibc >=2.17,<3.0.a0
  - cuda-version >=12.8,<12.9.0a0
  - libcufft 11.3.3.83 0
  - libgcc-ng >=11.2.0
  - libstdcxx-ng >=11.2.0
  constrains:
  - libcufft-static >=11.3.3.83
  license: LicenseRef-NVIDIA-End-User-License-Agreement
  size: 28713
  timestamp: 1741042647139
- conda: https://conda.anaconda.org/nvidia/linux-64/libcufile-1.13.1.3-0.conda
  sha256: 1baea90ca1cf2f5f9a891415c582ba8af294d4baaf86cc8343e64e3987393033
  md5: b4acfac0c47ab5c614f152ada50f889d
  depends:
  - __glibc >=2.17,<3.0.a0
  - cuda-version >=12.8,<12.9.0a0
  - libgcc-ng >=11.2.0
  - libstdcxx-ng >=11.2.0
  license: LicenseRef-NVIDIA-End-User-License-Agreement
  size: 958447
  timestamp: 1739384347871
- conda: https://conda.anaconda.org/nvidia/linux-64/libcufile-dev-1.13.1.3-0.conda
  sha256: 281f824725f058ea0e6ace1f47e9853ac2d6751772eb20969b09998a694429f5
  md5: 624084fd04da168f6004b57a7c0e8d29
  depends:
  - __glibc >=2.17,<3.0.a0
  - cuda-version >=12.8,<12.9.0a0
  - libcufile 1.13.1.3 0
  - libgcc-ng >=11.2.0
  - libstdcxx-ng >=11.2.0
  constrains:
  - libcufile-static >=1.13.1.3
  license: LicenseRef-NVIDIA-End-User-License-Agreement
  size: 29490
  timestamp: 1739384366892
- conda: https://conda.anaconda.org/nvidia/linux-64/libcurand-10.3.9.90-0.conda
  sha256: 2009fa1710802de906a8210725646e696d9277e245f59888e722f7d342035c61
  md5: e2cd451c5d14344f5e19660e895d5665
  depends:
  - __glibc >=2.17,<3.0.a0
  - cuda-version >=12.8,<12.9.0a0
  - libgcc-ng >=11.2.0
  - libstdcxx-ng >=11.2.0
  license: LicenseRef-NVIDIA-End-User-License-Agreement
  size: 45658220
  timestamp: 1739445666652
- conda: https://conda.anaconda.org/nvidia/linux-64/libcurand-dev-10.3.9.90-0.conda
  sha256: 1d2b78bd3f612521527aacfd68df133b75a3c71ca5c4f06c4ff7ed3a8316facf
  md5: 0b65128cb045500cb15d84406eb60b70
  depends:
  - __glibc >=2.17,<3.0.a0
  - cuda-version >=12.8,<12.9.0a0
  - libcurand 10.3.9.90 0
  - libgcc-ng >=11.2.0
  - libstdcxx-ng >=11.2.0
  constrains:
  - libcurand-static >=10.3.9.90
  license: LicenseRef-NVIDIA-End-User-License-Agreement
  size: 268146
  timestamp: 1739445755236
- conda: https://conda.anaconda.org/nvidia/linux-64/libcusolver-11.7.3.90-0.conda
  sha256: ff8e9c9ebd1fcf9acdea07f34a15a8da520ac6e2e3cc98b583319473ea54506c
  md5: d98e294258b6df4c81ab30468a8b7b3e
  depends:
  - __glibc >=2.17,<3.0.a0
  - cuda-version >=12.8,<12.9.0a0
  - libcublas
  - libcusparse
  - libgcc-ng >=11.2.0
  - libnvjitlink
  - libstdcxx-ng >=11.2.0
  license: LicenseRef-NVIDIA-End-User-License-Agreement
  size: 164428802
  timestamp: 1739450284402
- conda: https://conda.anaconda.org/nvidia/linux-64/libcusolver-dev-11.7.3.90-0.conda
  sha256: d2363546c2dfb6a3ecd1e0906be9c8d8bc5f8e9be19194bf788cf08d5bdad790
  md5: 371f8306b1d47b6329a71a698e0ed3fe
  depends:
  - __glibc >=2.17,<3.0.a0
  - cuda-version >=12.8,<12.9.0a0
  - libcusolver 11.7.3.90 0
  - libgcc-ng >=11.2.0
  - libstdcxx-ng >=11.2.0
  constrains:
  - libcusolver-static >=11.7.3.90
  license: LicenseRef-NVIDIA-End-User-License-Agreement
  size: 56453
  timestamp: 1739450506827
- conda: https://conda.anaconda.org/nvidia/linux-64/libcusparse-12.5.8.93-0.conda
  sha256: 64cdd090cecc5fe70a184414f1ca50ff9b248d1611c51e6c955adfd8479b5288
  md5: 5034092cb6bdbb790da416e63534af24
  depends:
  - __glibc >=2.17,<3.0.a0
  - cuda-version >=12.8,<12.9.0a0
  - libgcc-ng >=11.2.0
  - libnvjitlink
  - libstdcxx-ng >=11.2.0
  license: LicenseRef-NVIDIA-End-User-License-Agreement
  size: 170224803
  timestamp: 1740556780419
- conda: https://conda.anaconda.org/nvidia/linux-64/libcusparse-dev-12.5.8.93-0.conda
  sha256: 67b7bb7e0bb43e412161aa9a83f506a8935be198612fda2120bb1fb416ec9029
  md5: d86474567adae191bc2d8714b095a276
  depends:
  - __glibc >=2.17,<3.0.a0
  - cuda-version >=12.8,<12.9.0a0
  - libcusparse 12.5.8.93 0
  - libgcc-ng >=11.2.0
  - libnvjitlink
  - libstdcxx-ng >=11.2.0
  constrains:
  - libcusparse-static >=12.5.8.93
  license: LicenseRef-NVIDIA-End-User-License-Agreement
  size: 47807
  timestamp: 1740557069121
- conda: https://conda.anaconda.org/conda-forge/linux-64/libgcc-14.2.0-h767d61c_2.conda
  sha256: 3a572d031cb86deb541d15c1875aaa097baefc0c580b54dc61f5edab99215792
  md5: ef504d1acbd74b7cc6849ef8af47dd03
  depends:
  - __glibc >=2.17,<3.0.a0
  - _openmp_mutex >=4.5
  constrains:
  - libgomp 14.2.0 h767d61c_2
  - libgcc-ng ==14.2.0=*_2
  license: GPL-3.0-only WITH GCC-exception-3.1
  license_family: GPL
  size: 847885
  timestamp: 1740240653082
- conda: https://conda.anaconda.org/conda-forge/noarch/libgcc-devel_linux-64-13.3.0-hc03c837_102.conda
  sha256: 538544a2e0651bfeb0348ca6469b6b608606f6080a0b5a531af3a3852fec0215
  md5: 4c1d6961a6a54f602ae510d9bf31fa60
  depends:
  - __unix
  license: GPL-3.0-only WITH GCC-exception-3.1
  license_family: GPL
  size: 2597400
  timestamp: 1740240211859
- conda: https://conda.anaconda.org/conda-forge/linux-64/libgcc-ng-14.2.0-h69a702a_2.conda
  sha256: fb7558c328b38b2f9d2e412c48da7890e7721ba018d733ebdfea57280df01904
  md5: a2222a6ada71fb478682efe483ce0f92
  depends:
  - libgcc 14.2.0 h767d61c_2
  license: GPL-3.0-only WITH GCC-exception-3.1
  license_family: GPL
  size: 53758
  timestamp: 1740240660904
- conda: https://conda.anaconda.org/conda-forge/linux-64/libgomp-14.2.0-h767d61c_2.conda
  sha256: 1a3130e0b9267e781b89399580f3163632d59fe5b0142900d63052ab1a53490e
  md5: 06d02030237f4d5b3d9a7e7d348fe3c6
  depends:
  - __glibc >=2.17,<3.0.a0
  license: GPL-3.0-only WITH GCC-exception-3.1
  license_family: GPL
  size: 459862
  timestamp: 1740240588123
- conda: https://conda.anaconda.org/nvidia/linux-64/libnpp-12.3.3.100-0.conda
  sha256: e84818f770a2b8e04f87f65da4a00397732c2a50703aa5e65cb06ff998299598
  md5: c92d8e6c7ccb04d58ca44b61f1170c1a
  depends:
  - __glibc >=2.17,<3.0.a0
  - cuda-version >=12.8,<12.9.0a0
  - libgcc-ng >=11.2.0
  - libstdcxx-ng >=11.2.0
  license: LicenseRef-NVIDIA-End-User-License-Agreement
  size: 137034760
  timestamp: 1739448158656
- conda: https://conda.anaconda.org/nvidia/linux-64/libnpp-dev-12.3.3.100-0.conda
  sha256: f7ea20ba53ab78268bc0ab7610cf829ff88ed7c5af9ae3d65aba0657ca6f3c77
  md5: 7ea954e166346d7a530ea2d1bacacfc3
  depends:
  - __glibc >=2.17,<3.0.a0
  - cuda-version >=12.8,<12.9.0a0
  - libgcc-ng >=11.2.0
  - libnpp 12.3.3.100 0
  - libstdcxx-ng >=11.2.0
  constrains:
  - libnpp-static >=12.3.3.100
  license: LicenseRef-NVIDIA-End-User-License-Agreement
  size: 450203
  timestamp: 1739448373681
- conda: https://conda.anaconda.org/nvidia/linux-64/libnvfatbin-12.8.90-0.conda
  sha256: 993d2bd52b7d5a630869132e3c66dad8beaeb3fe0a250fd2d7cf3b7105aeb943
  md5: 3ffb6e5e77fae2d089377c518b39adda
  depends:
  - __glibc >=2.17,<3.0.a0
  - cuda-version >=12.8,<12.9.0a0
  - libgcc-ng >=11.2.0
  - libstdcxx-ng >=11.2.0
  license: LicenseRef-NVIDIA-End-User-License-Agreement
  size: 807839
  timestamp: 1739444975333
- conda: https://conda.anaconda.org/nvidia/linux-64/libnvfatbin-dev-12.8.90-0.conda
  sha256: ae159861fddfc2eb2e1a237cd47ed3a65b7f8a94bdf8e773d38b05b508f2f38e
  md5: 29333eacd4ad05ab9042c65c3f605188
  depends:
  - __glibc >=2.17,<3.0.a0
  - cuda-version >=12.8,<12.9.0a0
  - libgcc-ng >=11.2.0
  - libnvfatbin 12.8.90 0
  - libstdcxx-ng >=11.2.0
  constrains:
  - liblibnvfatbin-static >=12.8.90
  license: LicenseRef-NVIDIA-End-User-License-Agreement
  size: 21730
  timestamp: 1739444985570
- conda: https://conda.anaconda.org/nvidia/linux-64/libnvjitlink-12.8.93-1.conda
  sha256: 60ede01d57a4782c7bae2c32d3d1be96959b629e433e1b96ad2517da0689ecef
  md5: 220601eb09309570a8e24689271fd3f2
  depends:
  - __glibc >=2.17,<3.0.a0
  - cuda-version >=12,<12.9.0a0
  - libgcc-ng >=11.2.0
  - libstdcxx-ng >=11.2.0
  license: LicenseRef-NVIDIA-End-User-License-Agreement
  size: 30173016
  timestamp: 1740203115516
- conda: https://conda.anaconda.org/nvidia/linux-64/libnvjitlink-dev-12.8.93-1.conda
  sha256: cb89f3f269ee6093a916b18e070714700e856b0042d5c4f45e172592bd8eec3e
  md5: bf9e0b3e17ee6fa348ea45cbc99e7c19
  depends:
  - __glibc >=2.17,<3.0.a0
  - cuda-version >=12.8,<12.9.0a0
  - libgcc-ng >=11.2.0
  - libnvjitlink 12.8.93 1
  - libstdcxx-ng >=11.2.0
  constrains:
  - libnvjitlink-static >=12.8.93
  license: LicenseRef-NVIDIA-End-User-License-Agreement
  size: 20988
  timestamp: 1740203233589
- conda: https://conda.anaconda.org/nvidia/linux-64/libnvjpeg-12.3.5.92-0.conda
  sha256: 5b6d5bb81d66b48a49165d630e1fdff0bad40166c274b858fcb659d1a60fee1b
  md5: 94ceb85d33d5b9c1fd3f98ea38017749
  depends:
  - __glibc >=2.17,<3.0.a0
  - cuda-version >=12.8,<12.9.0a0
  - libgcc-ng >=11.2.0
  - libstdcxx-ng >=11.2.0
  license: LicenseRef-NVIDIA-End-User-License-Agreement
  size: 3110473
  timestamp: 1739446514024
- conda: https://conda.anaconda.org/nvidia/linux-64/libnvjpeg-dev-12.3.5.92-0.conda
  sha256: c93ec3f5c4a5e007d4cafdd04f01f5f51f1096a5bf39c1b12dd9651caa2a7c48
  md5: 16475679d7dc5d1b687a8782cf653d0d
  depends:
  - cuda-cudart-dev
  - cuda-version >=12.8,<12.9.0a0
  - libnvjpeg 12.3.5.92 0
  constrains:
  - libnvjpeg-static >=12.3.5.92
  license: LicenseRef-NVIDIA-End-User-License-Agreement
  size: 27611
  timestamp: 1739446523507
- conda: https://conda.anaconda.org/conda-forge/linux-64/libsanitizer-13.3.0-he8ea267_2.conda
  sha256: 27c4c8bf8e2dd60182d47274389be7c70446df6ed5344206266321ee749158b4
  md5: 2b6cdf7bb95d3d10ef4e38ce0bc95dba
  depends:
  - __glibc >=2.17,<3.0.a0
  - libgcc >=13.3.0
  - libstdcxx >=13.3.0
  license: GPL-3.0-only WITH GCC-exception-3.1
  license_family: GPL
  size: 4155341
  timestamp: 1740240344242
- conda: https://conda.anaconda.org/conda-forge/linux-64/libstdcxx-14.2.0-h8f9b012_2.conda
  sha256: 8f5bd92e4a24e1d35ba015c5252e8f818898478cb3bc50bd8b12ab54707dc4da
  md5: a78c856b6dc6bf4ea8daeb9beaaa3fb0
  depends:
  - __glibc >=2.17,<3.0.a0
  - libgcc 14.2.0 h767d61c_2
  license: GPL-3.0-only WITH GCC-exception-3.1
  license_family: GPL
  size: 3884556
  timestamp: 1740240685253
- conda: https://conda.anaconda.org/conda-forge/noarch/libstdcxx-devel_linux-64-13.3.0-hc03c837_102.conda
  sha256: abc89056d4ca7debe938504b3b6d9ccc6d7a0f0b528fe3409230636a21e81002
  md5: aa38de2738c5f4a72a880e3d31ffe8b4
  depends:
  - __unix
  license: GPL-3.0-only WITH GCC-exception-3.1
  license_family: GPL
  size: 12873130
  timestamp: 1740240239655
- conda: https://conda.anaconda.org/conda-forge/linux-64/libstdcxx-ng-14.2.0-h4852527_2.conda
  sha256: e86f38b007cf97cc2c67cd519f2de12a313c4ee3f5ef11652ad08932a5e34189
  md5: c75da67f045c2627f59e6fcb5f4e3a9b
  depends:
  - libstdcxx 14.2.0 h8f9b012_2
  license: GPL-3.0-only WITH GCC-exception-3.1
  license_family: GPL
  size: 53830
  timestamp: 1740240722530
- conda: https://conda.anaconda.org/nvidia/linux-64/nsight-compute-2024.1.1.4-0.tar.bz2
  sha256: 33935f28b007d3d5f584abd22485251ad7eea91b4b9f11c960a053fdd7be8a48
  md5: 217ed2ff255f52cbef787aba3f9b9637
  size: 699526661
  timestamp: 1709778043113
- conda: https://conda.anaconda.org/conda-forge/linux-64/ocl-icd-2.3.3-hb9d3cd8_0.conda
  sha256: 2254dae821b286fb57c61895f2b40e3571a070910fdab79a948ff703e1ea807b
  md5: 56f8947aa9d5cf37b0b3d43b83f34192
  depends:
  - __glibc >=2.17,<3.0.a0
  - libgcc >=13
  - opencl-headers >=2024.10.24
  license: BSD-2-Clause
  license_family: BSD
  size: 106742
  timestamp: 1743700382939
- conda: https://conda.anaconda.org/conda-forge/linux-64/opencl-headers-2024.10.24-h5888daf_0.conda
  sha256: 7e1d3ad55d4ad3ddf826e205d4603b9ed40c5e655a9dfd66b56f459d7ba14db3
  md5: 3ba02cce423fdac1a8582bd6bb189359
  depends:
  - __glibc >=2.17,<3.0.a0
  - libgcc >=13
  - libstdcxx >=13
  license: Apache-2.0
  license_family: APACHE
  size: 54060
  timestamp: 1732912937444
- conda: https://conda.anaconda.org/conda-forge/noarch/sysroot_linux-64-2.17-h0157908_18.conda
  sha256: 69ab5804bdd2e8e493d5709eebff382a72fab3e9af6adf93a237ccf8f7dbd624
  md5: 460eba7851277ec1fd80a1a24080787a
  depends:
  - kernel-headers_linux-64 3.10.0 he073ed8_18
  - tzdata
  license: LGPL-2.0-or-later AND LGPL-2.0-or-later WITH exceptions AND GPL-2.0-or-later AND MPL-2.0
  license_family: GPL
  size: 15166921
  timestamp: 1735290488259
- conda: https://conda.anaconda.org/conda-forge/noarch/tzdata-2025b-h78e105d_0.conda
  sha256: 5aaa366385d716557e365f0a4e9c3fca43ba196872abbbe3d56bb610d131e192
  md5: 4222072737ccff51314b5ece9c7d6f5a
  license: LicenseRef-Public-Domain
  size: 122968
  timestamp: 1742727099393
